// !$*UTF8*$!
{
	archiveVersion = 1;
	classes = {
	};
	objectVersion = 56;
	objects = {

/* Begin PBXBuildFile section */
		FC41DFEC2B8B73FD00CC8097 /* GroceryShoppingApp.swift in Sources */ = {isa = PBXBuildFile; fileRef = FC41DFEB2B8B73FD00CC8097 /* GroceryShoppingApp.swift */; };
		FC41DFEE2B8B73FD00CC8097 /* GroceryListView.swift in Sources */ = {isa = PBXBuildFile; fileRef = FC41DFED2B8B73FD00CC8097 /* GroceryListView.swift */; };
		FC41DFF02B8B73FE00CC8097 /* Assets.xcassets in Resources */ = {isa = PBXBuildFile; fileRef = FC41DFEF2B8B73FE00CC8097 /* Assets.xcassets */; };
		FC41DFF32B8B73FE00CC8097 /* Preview Assets.xcassets in Resources */ = {isa = PBXBuildFile; fileRef = FC41DFF22B8B73FE00CC8097 /* Preview Assets.xcassets */; };
		FC41DFFB2B8B8FE200CC8097 /* ShopView.swift in Sources */ = {isa = PBXBuildFile; fileRef = FC41DFFA2B8B8FE200CC8097 /* ShopView.swift */; };
		FC41DFFE2B8B980F00CC8097 /* GroceryItem.swift in Sources */ = {isa = PBXBuildFile; fileRef = FC41DFFD2B8B980F00CC8097 /* GroceryItem.swift */; };
		FC616E872B8C53100093710B /* ShopItem.swift in Sources */ = {isa = PBXBuildFile; fileRef = FC616E862B8C53100093710B /* ShopItem.swift */; };
		FC616E892B8C56230093710B /* Data.swift in Sources */ = {isa = PBXBuildFile; fileRef = FC616E882B8C56230093710B /* Data.swift */; };
		FC616E8B2B8C5C1D0093710B /* CartView.swift in Sources */ = {isa = PBXBuildFile; fileRef = FC616E8A2B8C5C1D0093710B /* CartView.swift */; };
/* End PBXBuildFile section */

/* Begin PBXFileReference section */
		FC41DFE82B8B73FD00CC8097 /* GroceryShopping.app */ = {isa = PBXFileReference; explicitFileType = wrapper.application; includeInIndex = 0; path = GroceryShopping.app; sourceTree = BUILT_PRODUCTS_DIR; };
		FC41DFEB2B8B73FD00CC8097 /* GroceryShoppingApp.swift */ = {isa = PBXFileReference; lastKnownFileType = sourcecode.swift; path = GroceryShoppingApp.swift; sourceTree = "<group>"; };
		FC41DFED2B8B73FD00CC8097 /* GroceryListView.swift */ = {isa = PBXFileReference; lastKnownFileType = sourcecode.swift; path = GroceryListView.swift; sourceTree = "<group>"; };
		FC41DFEF2B8B73FE00CC8097 /* Assets.xcassets */ = {isa = PBXFileReference; lastKnownFileType = folder.assetcatalog; path = Assets.xcassets; sourceTree = "<group>"; };
		FC41DFF22B8B73FE00CC8097 /* Preview Assets.xcassets */ = {isa = PBXFileReference; lastKnownFileType = folder.assetcatalog; path = "Preview Assets.xcassets"; sourceTree = "<group>"; };
		FC41DFFA2B8B8FE200CC8097 /* ShopView.swift */ = {isa = PBXFileReference; lastKnownFileType = sourcecode.swift; path = ShopView.swift; sourceTree = "<group>"; };
		FC41DFFD2B8B980F00CC8097 /* GroceryItem.swift */ = {isa = PBXFileReference; lastKnownFileType = sourcecode.swift; path = GroceryItem.swift; sourceTree = "<group>"; };
		FC616E862B8C53100093710B /* ShopItem.swift */ = {isa = PBXFileReference; lastKnownFileType = sourcecode.swift; path = ShopItem.swift; sourceTree = "<group>"; };
		FC616E882B8C56230093710B /* Data.swift */ = {isa = PBXFileReference; lastKnownFileType = sourcecode.swift; path = Data.swift; sourceTree = "<group>"; };
		FC616E8A2B8C5C1D0093710B /* CartView.swift */ = {isa = PBXFileReference; lastKnownFileType = sourcecode.swift; path = CartView.swift; sourceTree = "<group>"; };
/* End PBXFileReference section */

/* Begin PBXFrameworksBuildPhase section */
		FC41DFE52B8B73FD00CC8097 /* Frameworks */ = {
			isa = PBXFrameworksBuildPhase;
			buildActionMask = 2147483647;
			files = (
			);
			runOnlyForDeploymentPostprocessing = 0;
		};
/* End PBXFrameworksBuildPhase section */

/* Begin PBXGroup section */
		FC41DFDF2B8B73FD00CC8097 = {
			isa = PBXGroup;
			children = (
				FC41DFEA2B8B73FD00CC8097 /* GroceryShopping */,
				FC41DFE92B8B73FD00CC8097 /* Products */,
			);
			sourceTree = "<group>";
		};
		FC41DFE92B8B73FD00CC8097 /* Products */ = {
			isa = PBXGroup;
			children = (
				FC41DFE82B8B73FD00CC8097 /* GroceryShopping.app */,
			);
			name = Products;
			sourceTree = "<group>";
		};
		FC41DFEA2B8B73FD00CC8097 /* GroceryShopping */ = {
			isa = PBXGroup;
			children = (
				FC41DFFC2B8B97EF00CC8097 /* Model */,
				FC41DFEB2B8B73FD00CC8097 /* GroceryShoppingApp.swift */,
				FC41DFF92B8B8F6300CC8097 /* View */,
				FC41DFEF2B8B73FE00CC8097 /* Assets.xcassets */,
				FC41DFF12B8B73FE00CC8097 /* Preview Content */,
			);
			path = GroceryShopping;
			sourceTree = "<group>";
		};
		FC41DFF12B8B73FE00CC8097 /* Preview Content */ = {
			isa = PBXGroup;
			children = (
				FC41DFF22B8B73FE00CC8097 /* Preview Assets.xcassets */,
			);
			path = "Preview Content";
			sourceTree = "<group>";
		};
		FC41DFF92B8B8F6300CC8097 /* View */ = {
			isa = PBXGroup;
			children = (
				FC41DFED2B8B73FD00CC8097 /* GroceryListView.swift */,
				FC41DFFA2B8B8FE200CC8097 /* ShopView.swift */,
				FC616E862B8C53100093710B /* ShopItem.swift */,
				FC616E882B8C56230093710B /* Data.swift */,
				FC616E8A2B8C5C1D0093710B /* CartView.swift */,
			);
			path = View;
			sourceTree = "<group>";
		};
		FC41DFFC2B8B97EF00CC8097 /* Model */ = {
			isa = PBXGroup;
			children = (
				FC41DFFD2B8B980F00CC8097 /* GroceryItem.swift */,
			);
			path = Model;
			sourceTree = "<group>";
		};
/* End PBXGroup section */

/* Begin PBXNativeTarget section */
		FC41DFE72B8B73FD00CC8097 /* GroceryShopping */ = {
			isa = PBXNativeTarget;
			buildConfigurationList = FC41DFF62B8B73FE00CC8097 /* Build configuration list for PBXNativeTarget "GroceryShopping" */;
			buildPhases = (
				FC41DFE42B8B73FD00CC8097 /* Sources */,
				FC41DFE52B8B73FD00CC8097 /* Frameworks */,
				FC41DFE62B8B73FD00CC8097 /* Resources */,
			);
			buildRules = (
			);
			dependencies = (
			);
			name = GroceryShopping;
			productName = GroceryShopping;
			productReference = FC41DFE82B8B73FD00CC8097 /* GroceryShopping.app */;
			productType = "com.apple.product-type.application";
		};
/* End PBXNativeTarget section */

/* Begin PBXProject section */
		FC41DFE02B8B73FD00CC8097 /* Project object */ = {
			isa = PBXProject;
			attributes = {
				BuildIndependentTargetsInParallel = 1;
				LastSwiftUpdateCheck = 1520;
				LastUpgradeCheck = 1520;
				TargetAttributes = {
					FC41DFE72B8B73FD00CC8097 = {
						CreatedOnToolsVersion = 15.2;
					};
				};
			};
			buildConfigurationList = FC41DFE32B8B73FD00CC8097 /* Build configuration list for PBXProject "GroceryShopping" */;
			compatibilityVersion = "Xcode 14.0";
			developmentRegion = en;
			hasScannedForEncodings = 0;
			knownRegions = (
				en,
				Base,
			);
			mainGroup = FC41DFDF2B8B73FD00CC8097;
			productRefGroup = FC41DFE92B8B73FD00CC8097 /* Products */;
			projectDirPath = "";
			projectRoot = "";
			targets = (
				FC41DFE72B8B73FD00CC8097 /* GroceryShopping */,
			);
		};
/* End PBXProject section */

/* Begin PBXResourcesBuildPhase section */
		FC41DFE62B8B73FD00CC8097 /* Resources */ = {
			isa = PBXResourcesBuildPhase;
			buildActionMask = 2147483647;
			files = (
				FC41DFF32B8B73FE00CC8097 /* Preview Assets.xcassets in Resources */,
				FC41DFF02B8B73FE00CC8097 /* Assets.xcassets in Resources */,
			);
			runOnlyForDeploymentPostprocessing = 0;
		};
/* End PBXResourcesBuildPhase section */

/* Begin PBXSourcesBuildPhase section */
		FC41DFE42B8B73FD00CC8097 /* Sources */ = {
			isa = PBXSourcesBuildPhase;
			buildActionMask = 2147483647;
			files = (
				FC41DFFB2B8B8FE200CC8097 /* ShopView.swift in Sources */,
				FC616E892B8C56230093710B /* Data.swift in Sources */,
				FC616E8B2B8C5C1D0093710B /* CartView.swift in Sources */,
				FC41DFEE2B8B73FD00CC8097 /* GroceryListView.swift in Sources */,
				FC616E872B8C53100093710B /* ShopItem.swift in Sources */,
				FC41DFFE2B8B980F00CC8097 /* GroceryItem.swift in Sources */,
				FC41DFEC2B8B73FD00CC8097 /* GroceryShoppingApp.swift in Sources */,
			);
			runOnlyForDeploymentPostprocessing = 0;
		};
/* End PBXSourcesBuildPhase section */

/* Begin XCBuildConfiguration section */
		FC41DFF42B8B73FE00CC8097 /* Debug */ = {
			isa = XCBuildConfiguration;
			buildSettings = {
				ALWAYS_SEARCH_USER_PATHS = NO;
				ASSETCATALOG_COMPILER_GENERATE_SWIFT_ASSET_SYMBOL_EXTENSIONS = YES;
				CLANG_ANALYZER_NONNULL = YES;
				CLANG_ANALYZER_NUMBER_OBJECT_CONVERSION = YES_AGGRESSIVE;
				CLANG_CXX_LANGUAGE_STANDARD = "gnu++20";
				CLANG_ENABLE_MODULES = YES;
				CLANG_ENABLE_OBJC_ARC = YES;
				CLANG_ENABLE_OBJC_WEAK = YES;
				CLANG_WARN_BLOCK_CAPTURE_AUTORELEASING = YES;
				CLANG_WARN_BOOL_CONVERSION = YES;
				CLANG_WARN_COMMA = YES;
				CLANG_WARN_CONSTANT_CONVERSION = YES;
				CLANG_WARN_DEPRECATED_OBJC_IMPLEMENTATIONS = YES;
				CLANG_WARN_DIRECT_OBJC_ISA_USAGE = YES_ERROR;
				CLANG_WARN_DOCUMENTATION_COMMENTS = YES;
				CLANG_WARN_EMPTY_BODY = YES;
				CLANG_WARN_ENUM_CONVERSION = YES;
				CLANG_WARN_INFINITE_RECURSION = YES;
				CLANG_WARN_INT_CONVERSION = YES;
				CLANG_WARN_NON_LITERAL_NULL_CONVERSION = YES;
				CLANG_WARN_OBJC_IMPLICIT_RETAIN_SELF = YES;
				CLANG_WARN_OBJC_LITERAL_CONVERSION = YES;
				CLANG_WARN_OBJC_ROOT_CLASS = YES_ERROR;
				CLANG_WARN_QUOTED_INCLUDE_IN_FRAMEWORK_HEADER = YES;
				CLANG_WARN_RANGE_LOOP_ANALYSIS = YES;
				CLANG_WARN_STRICT_PROTOTYPES = YES;
				CLANG_WARN_SUSPICIOUS_MOVE = YES;
				CLANG_WARN_UNGUARDED_AVAILABILITY = YES_AGGRESSIVE;
				CLANG_WARN_UNREACHABLE_CODE = YES;
				CLANG_WARN__DUPLICATE_METHOD_MATCH = YES;
				COPY_PHASE_STRIP = NO;
				DEBUG_INFORMATION_FORMAT = dwarf;
				ENABLE_STRICT_OBJC_MSGSEND = YES;
				ENABLE_TESTABILITY = YES;
				ENABLE_USER_SCRIPT_SANDBOXING = YES;
				GCC_C_LANGUAGE_STANDARD = gnu17;
				GCC_DYNAMIC_NO_PIC = NO;
				GCC_NO_COMMON_BLOCKS = YES;
				GCC_OPTIMIZATION_LEVEL = 0;
				GCC_PREPROCESSOR_DEFINITIONS = (
					"DEBUG=1",
					"$(inherited)",
				);
				GCC_WARN_64_TO_32_BIT_CONVERSION = YES;
				GCC_WARN_ABOUT_RETURN_TYPE = YES_ERROR;
				GCC_WARN_UNDECLARED_SELECTOR = YES;
				GCC_WARN_UNINITIALIZED_AUTOS = YES_AGGRESSIVE;
				GCC_WARN_UNUSED_FUNCTION = YES;
				GCC_WARN_UNUSED_VARIABLE = YES;
				IPHONEOS_DEPLOYMENT_TARGET = 17.2;
				LOCALIZATION_PREFERS_STRING_CATALOGS = YES;
				MTL_ENABLE_DEBUG_INFO = INCLUDE_SOURCE;
				MTL_FAST_MATH = YES;
				ONLY_ACTIVE_ARCH = YES;
				SDKROOT = iphoneos;
				SWIFT_ACTIVE_COMPILATION_CONDITIONS = "DEBUG $(inherited)";
				SWIFT_OPTIMIZATION_LEVEL = "-Onone";
			};
			name = Debug;
		};
		FC41DFF52B8B73FE00CC8097 /* Release */ = {
			isa = XCBuildConfiguration;
			buildSettings = {
				ALWAYS_SEARCH_USER_PATHS = NO;
				ASSETCATALOG_COMPILER_GENERATE_SWIFT_ASSET_SYMBOL_EXTENSIONS = YES;
				CLANG_ANALYZER_NONNULL = YES;
				CLANG_ANALYZER_NUMBER_OBJECT_CONVERSION = YES_AGGRESSIVE;
				CLANG_CXX_LANGUAGE_STANDARD = "gnu++20";
				CLANG_ENABLE_MODULES = YES;
				CLANG_ENABLE_OBJC_ARC = YES;
				CLANG_ENABLE_OBJC_WEAK = YES;
				CLANG_WARN_BLOCK_CAPTURE_AUTORELEASING = YES;
				CLANG_WARN_BOOL_CONVERSION = YES;
				CLANG_WARN_COMMA = YES;
				CLANG_WARN_CONSTANT_CONVERSION = YES;
				CLANG_WARN_DEPRECATED_OBJC_IMPLEMENTATIONS = YES;
				CLANG_WARN_DIRECT_OBJC_ISA_USAGE = YES_ERROR;
				CLANG_WARN_DOCUMENTATION_COMMENTS = YES;
				CLANG_WARN_EMPTY_BODY = YES;
				CLANG_WARN_ENUM_CONVERSION = YES;
				CLANG_WARN_INFINITE_RECURSION = YES;
				CLANG_WARN_INT_CONVERSION = YES;
				CLANG_WARN_NON_LITERAL_NULL_CONVERSION = YES;
				CLANG_WARN_OBJC_IMPLICIT_RETAIN_SELF = YES;
				CLANG_WARN_OBJC_LITERAL_CONVERSION = YES;
				CLANG_WARN_OBJC_ROOT_CLASS = YES_ERROR;
				CLANG_WARN_QUOTED_INCLUDE_IN_FRAMEWORK_HEADER = YES;
				CLANG_WARN_RANGE_LOOP_ANALYSIS = YES;
				CLANG_WARN_STRICT_PROTOTYPES = YES;
				CLANG_WARN_SUSPICIOUS_MOVE = YES;
				CLANG_WARN_UNGUARDED_AVAILABILITY = YES_AGGRESSIVE;
				CLANG_WARN_UNREACHABLE_CODE = YES;
				CLANG_WARN__DUPLICATE_METHOD_MATCH = YES;
				COPY_PHASE_STRIP = NO;
				DEBUG_INFORMATION_FORMAT = "dwarf-with-dsym";
				ENABLE_NS_ASSERTIONS = NO;
				ENABLE_STRICT_OBJC_MSGSEND = YES;
				ENABLE_USER_SCRIPT_SANDBOXING = YES;
				GCC_C_LANGUAGE_STANDARD = gnu17;
				GCC_NO_COMMON_BLOCKS = YES;
				GCC_WARN_64_TO_32_BIT_CONVERSION = YES;
				GCC_WARN_ABOUT_RETURN_TYPE = YES_ERROR;
				GCC_WARN_UNDECLARED_SELECTOR = YES;
				GCC_WARN_UNINITIALIZED_AUTOS = YES_AGGRESSIVE;
				GCC_WARN_UNUSED_FUNCTION = YES;
				GCC_WARN_UNUSED_VARIABLE = YES;
				IPHONEOS_DEPLOYMENT_TARGET = 17.2;
				LOCALIZATION_PREFERS_STRING_CATALOGS = YES;
				MTL_ENABLE_DEBUG_INFO = NO;
				MTL_FAST_MATH = YES;
				SDKROOT = iphoneos;
				SWIFT_COMPILATION_MODE = wholemodule;
				VALIDATE_PRODUCT = YES;
			};
			name = Release;
		};
		FC41DFF72B8B73FE00CC8097 /* Debug */ = {
			isa = XCBuildConfiguration;
			buildSettings = {
				ASSETCATALOG_COMPILER_APPICON_NAME = AppIcon;
				ASSETCATALOG_COMPILER_GLOBAL_ACCENT_COLOR_NAME = AccentColor;
				CODE_SIGN_STYLE = Automatic;
				CURRENT_PROJECT_VERSION = 1;
				DEVELOPMENT_ASSET_PATHS = "\"GroceryShopping/Preview Content\"";
				ENABLE_PREVIEWS = YES;
				GENERATE_INFOPLIST_FILE = YES;
				INFOPLIST_KEY_UIApplicationSceneManifest_Generation = YES;
				INFOPLIST_KEY_UIApplicationSupportsIndirectInputEvents = YES;
				INFOPLIST_KEY_UILaunchScreen_Generation = YES;
				INFOPLIST_KEY_UISupportedInterfaceOrientations_iPad = "UIInterfaceOrientationPortrait UIInterfaceOrientationPortraitUpsideDown UIInterfaceOrientationLandscapeLeft UIInterfaceOrientationLandscapeRight";
				INFOPLIST_KEY_UISupportedInterfaceOrientations_iPhone = "UIInterfaceOrientationPortrait UIInterfaceOrientationLandscapeLeft UIInterfaceOrientationLandscapeRight";
				LD_RUNPATH_SEARCH_PATHS = (
					"$(inherited)",
					"@executable_path/Frameworks",
				);
				MARKETING_VERSION = 1.0;
				PRODUCT_BUNDLE_IDENTIFIER = com.manoj.GroceryShopping;
				PRODUCT_NAME = "$(TARGET_NAME)";
				SWIFT_EMIT_LOC_STRINGS = YES;
				SWIFT_VERSION = 5.0;
				TARGETED_DEVICE_FAMILY = "1,2";
			};
			name = Debug;
		};
		FC41DFF82B8B73FE00CC8097 /* Release */ = {
			isa = XCBuildConfiguration;
			buildSettings = {
				ASSETCATALOG_COMPILER_APPICON_NAME = AppIcon;
				ASSETCATALOG_COMPILER_GLOBAL_ACCENT_COLOR_NAME = AccentColor;
				CODE_SIGN_STYLE = Automatic;
				CURRENT_PROJECT_VERSION = 1;
				DEVELOPMENT_ASSET_PATHS = "\"GroceryShopping/Preview Content\"";
				ENABLE_PREVIEWS = YES;
				GENERATE_INFOPLIST_FILE = YES;
				INFOPLIST_KEY_UIApplicationSceneManifest_Generation = YES;
				INFOPLIST_KEY_UIApplicationSupportsIndirectInputEvents = YES;
				INFOPLIST_KEY_UILaunchScreen_Generation = YES;
				INFOPLIST_KEY_UISupportedInterfaceOrientations_iPad = "UIInterfaceOrientationPortrait UIInterfaceOrientationPortraitUpsideDown UIInterfaceOrientationLandscapeLeft UIInterfaceOrientationLandscapeRight";
				INFOPLIST_KEY_UISupportedInterfaceOrientations_iPhone = "UIInterfaceOrientationPortrait UIInterfaceOrientationLandscapeLeft UIInterfaceOrientationLandscapeRight";
				LD_RUNPATH_SEARCH_PATHS = (
					"$(inherited)",
					"@executable_path/Frameworks",
				);
				MARKETING_VERSION = 1.0;
				PRODUCT_BUNDLE_IDENTIFIER = com.manoj.GroceryShopping;
				PRODUCT_NAME = "$(TARGET_NAME)";
				SWIFT_EMIT_LOC_STRINGS = YES;
				SWIFT_VERSION = 5.0;
				TARGETED_DEVICE_FAMILY = "1,2";
			};
			name = Release;
		};
/* End XCBuildConfiguration section */

/* Begin XCConfigurationList section */
		FC41DFE32B8B73FD00CC8097 /* Build configuration list for PBXProject "GroceryShopping" */ = {
			isa = XCConfigurationList;
			buildConfigurations = (
				FC41DFF42B8B73FE00CC8097 /* Debug */,
				FC41DFF52B8B73FE00CC8097 /* Release */,
			);
			defaultConfigurationIsVisible = 0;
			defaultConfigurationName = Release;
		};
		FC41DFF62B8B73FE00CC8097 /* Build configuration list for PBXNativeTarget "GroceryShopping" */ = {
			isa = XCConfigurationList;
			buildConfigurations = (
				FC41DFF72B8B73FE00CC8097 /* Debug */,
				FC41DFF82B8B73FE00CC8097 /* Release */,
			);
			defaultConfigurationIsVisible = 0;
			defaultConfigurationName = Release;
		};
/* End XCConfigurationList section */
	};
	rootObject = FC41DFE02B8B73FD00CC8097 /* Project object */;
}
